
Microsoft Visual Studio Solution File, Format Version 12.00
# Visual Studio Version 17
VisualStudioVersion = 17.6.33815.320
MinimumVisualStudioVersion = 10.0.40219.1
Project("{FAE04EC0-301F-11D3-BF4B-00C04F79EFBC}") = "iNeedMyMoneyBack", "iNeedMyMoneyBack.csproj", "{1352F341-6EEA-4000-BBD5-022307D25DF0}"
EndProject
Project("{FAE04EC0-301F-11D3-BF4B-00C04F79EFBC}") = "Pdone.Updater.UI", "..\Pdone.Updater\Pdone.Updater.UI\Pdone.Updater.UI.csproj", "{9CF3853A-C051-4B01-BDE2-957A7B4EBBF2}"
EndProject
Global
	GlobalSection(SolutionConfigurationPlatforms) = preSolution
		Debug|Any CPU = Debug|Any CPU
		Release|Any CPU = Release|Any CPU
	EndGlobalSection
	GlobalSection(ProjectConfigurationPlatforms) = postSolution
		{1352F341-6EEA-4000-BBD5-022307D25DF0}.Debug|Any CPU.ActiveCfg = Debug|Any CPU
		{1352F341-6EEA-4000-BBD5-022307D25DF0}.Debug|Any CPU.Build.0 = Debug|Any CPU
		{1352F341-6EEA-4000-BBD5-022307D25DF0}.Release|Any CPU.ActiveCfg = Release|Any CPU
		{1352F341-6EEA-4000-BBD5-022307D25DF0}.Release|Any CPU.Build.0 = Release|Any CPU
		{9CF3853A-C051-4B01-BDE2-957A7B4EBBF2}.Debug|Any CPU.ActiveCfg = Debug|Any CPU
		{9CF3853A-C051-4B01-BDE2-957A7B4EBBF2}.Debug|Any CPU.Build.0 = Debug|Any CPU
		{9CF3853A-C051-4B01-BDE2-957A7B4EBBF2}.Release|Any CPU.ActiveCfg = Release|Any CPU
		{9CF3853A-C051-4B01-BDE2-957A7B4EBBF2}.Release|Any CPU.Build.0 = Release|Any CPU
	EndGlobalSection
	GlobalSection(SolutionProperties) = preSolution
		HideSolutionNode = FALSE
	EndGlobalSection
	GlobalSection(ExtensibilityGlobals) = postSolution
		SolutionGuid = {FCF66485-9DC5-4F7C-A5AD-76591106F996}
	EndGlobalSection
EndGlobal
